
Microsoft Visual Studio Solution File, Format Version 11.00
# Visual Studio 2010
Project("{FAE04EC0-301F-11D3-BF4B-00C04F79EFBC}") = "Engine_class", "Assembly-CSharp.csproj", "{9DCF373A-DCF5-8D5F-FA42-3FB5C153ADFC}"
EndProject
Project("{FAE04EC0-301F-11D3-BF4B-00C04F79EFBC}") = "Engine_class", "Assembly-CSharp-Editor.csproj", "{B54FC8DA-BDD4-D577-A526-469E1C6A5F10}"
EndProject
Global
	GlobalSection(SolutionConfigurationPlatforms) = preSolution
		Debug|Any CPU = Debug|Any CPU
		Release|Any CPU = Release|Any CPU
	EndGlobalSection
	GlobalSection(ProjectConfigurationPlatforms) = postSolution
		{9DCF373A-DCF5-8D5F-FA42-3FB5C153ADFC}.Debug|Any CPU.ActiveCfg = Debug|Any CPU
		{9DCF373A-DCF5-8D5F-FA42-3FB5C153ADFC}.Debug|Any CPU.Build.0 = Debug|Any CPU
		{9DCF373A-DCF5-8D5F-FA42-3FB5C153ADFC}.Release|Any CPU.ActiveCfg = Release|Any CPU
		{9DCF373A-DCF5-8D5F-FA42-3FB5C153ADFC}.Release|Any CPU.Build.0 = Release|Any CPU
		{B54FC8DA-BDD4-D577-A526-469E1C6A5F10}.Debug|Any CPU.ActiveCfg = Debug|Any CPU
		{B54FC8DA-BDD4-D577-A526-469E1C6A5F10}.Debug|Any CPU.Build.0 = Debug|Any CPU
		{B54FC8DA-BDD4-D577-A526-469E1C6A5F10}.Release|Any CPU.ActiveCfg = Release|Any CPU
		{B54FC8DA-BDD4-D577-A526-469E1C6A5F10}.Release|Any CPU.Build.0 = Release|Any CPU
	EndGlobalSection
	GlobalSection(SolutionProperties) = preSolution
		HideSolutionNode = FALSE
	EndGlobalSection
	GlobalSection(MonoDevelopProperties) = preSolution
		StartupItem = Assembly-CSharp.csproj
	EndGlobalSection
EndGlobal
